
Microsoft Visual Studio Solution File, Format Version 12.00
# Visual Studio 15
VisualStudioVersion = 15.0.28010.2026
MinimumVisualStudioVersion = 10.0.40219.1
Project("{FAE04EC0-301F-11D3-BF4B-00C04F79EFBC}") = "StoreBaeltBilletLibrary", "StoreBaeltBilletLibrary\StoreBaeltBilletLibrary.csproj", "{23631AEF-C588-4032-A160-CAAF0108FB20}"
EndProject
Project("{FAE04EC0-301F-11D3-BF4B-00C04F79EFBC}") = "StorebaeltLibTest", "StorebaeltLibTest\StorebaeltLibTest.csproj", "{03F01828-2CB0-4A89-8CF2-ED12F1A316BA}"
EndProject
Global
	GlobalSection(SolutionConfigurationPlatforms) = preSolution
		Debug|Any CPU = Debug|Any CPU
		Release|Any CPU = Release|Any CPU
	EndGlobalSection
	GlobalSection(ProjectConfigurationPlatforms) = postSolution
		{23631AEF-C588-4032-A160-CAAF0108FB20}.Debug|Any CPU.ActiveCfg = Debug|Any CPU
		{23631AEF-C588-4032-A160-CAAF0108FB20}.Debug|Any CPU.Build.0 = Debug|Any CPU
		{23631AEF-C588-4032-A160-CAAF0108FB20}.Release|Any CPU.ActiveCfg = Release|Any CPU
		{23631AEF-C588-4032-A160-CAAF0108FB20}.Release|Any CPU.Build.0 = Release|Any CPU
		{03F01828-2CB0-4A89-8CF2-ED12F1A316BA}.Debug|Any CPU.ActiveCfg = Debug|Any CPU
		{03F01828-2CB0-4A89-8CF2-ED12F1A316BA}.Debug|Any CPU.Build.0 = Debug|Any CPU
		{03F01828-2CB0-4A89-8CF2-ED12F1A316BA}.Release|Any CPU.ActiveCfg = Release|Any CPU
		{03F01828-2CB0-4A89-8CF2-ED12F1A316BA}.Release|Any CPU.Build.0 = Release|Any CPU
	EndGlobalSection
	GlobalSection(SolutionProperties) = preSolution
		HideSolutionNode = FALSE
	EndGlobalSection
	GlobalSection(ExtensibilityGlobals) = postSolution
		SolutionGuid = {AD3B37E9-BA31-4387-9FEE-6562365DBE3F}
	EndGlobalSection
EndGlobal
